
Microsoft Visual Studio Solution File, Format Version 12.00
# Visual Studio Version 16
VisualStudioVersion = 16.0.29025.244
MinimumVisualStudioVersion = 10.0.40219.1
Project("{FAE04EC0-301F-11D3-BF4B-00C04F79EFBC}") = "LibraryMethods", "LibraryMethods\LibraryMethods.csproj", "{61AAFABC-ADE1-4139-9A98-CD10B6FEA505}"
EndProject
Project("{FAE04EC0-301F-11D3-BF4B-00C04F79EFBC}") = "TestExamples", "TestExamples\TestExamples.csproj", "{D96EF868-8C9A-4FDF-8093-9A525A9B3959}"
EndProject
Global
	GlobalSection(SolutionConfigurationPlatforms) = preSolution
		Debug|Any CPU = Debug|Any CPU
		Release|Any CPU = Release|Any CPU
	EndGlobalSection
	GlobalSection(ProjectConfigurationPlatforms) = postSolution
		{61AAFABC-ADE1-4139-9A98-CD10B6FEA505}.Debug|Any CPU.ActiveCfg = Debug|Any CPU
		{61AAFABC-ADE1-4139-9A98-CD10B6FEA505}.Debug|Any CPU.Build.0 = Debug|Any CPU
		{61AAFABC-ADE1-4139-9A98-CD10B6FEA505}.Release|Any CPU.ActiveCfg = Release|Any CPU
		{61AAFABC-ADE1-4139-9A98-CD10B6FEA505}.Release|Any CPU.Build.0 = Release|Any CPU
		{D96EF868-8C9A-4FDF-8093-9A525A9B3959}.Debug|Any CPU.ActiveCfg = Debug|Any CPU
		{D96EF868-8C9A-4FDF-8093-9A525A9B3959}.Debug|Any CPU.Build.0 = Debug|Any CPU
		{D96EF868-8C9A-4FDF-8093-9A525A9B3959}.Release|Any CPU.ActiveCfg = Release|Any CPU
		{D96EF868-8C9A-4FDF-8093-9A525A9B3959}.Release|Any CPU.Build.0 = Release|Any CPU
	EndGlobalSection
	GlobalSection(SolutionProperties) = preSolution
		HideSolutionNode = FALSE
	EndGlobalSection
	GlobalSection(ExtensibilityGlobals) = postSolution
		SolutionGuid = {BC1F7770-9D72-497D-8F11-6E8BFC389237}
	EndGlobalSection
EndGlobal
